PODS:
  - NVActivityIndicatorView (4.8.0):
    - NVActivityIndicatorView/Presenter (= 4.8.0)
  - NVActivityIndicatorView/Presenter (4.8.0)
  - NVPullToRefresh (0.1.1):
    - NVActivityIndicatorView (~> 4.8.0)
    - PullToRefresher (~> 3.1)
  - PullToRefresher (3.3)

DEPENDENCIES:
  - NVPullToRefresh (from `../`)

SPEC REPOS:
  trunk:
    - NVActivityIndicatorView
    - PullToRefresher

EXTERNAL SOURCES:
  NVPullToRefresh:
    :path: "../"

SPEC CHECKSUMS:
  NVActivityIndicatorView: d24b7ebcf80af5dcd994adb650e2b6c93379270f
  NVPullToRefresh: 430276fd8432903661b233c0a7070bd9822926ca
  PullToRefresher: 6fc2ab6494caf949bcf6f0223ffd23f9d21a06f6

PODFILE CHECKSUM: 2622334c4ee16581bdb26d2585954cb8c88ce869

COCOAPODS: 1.9.3
